<Solution>
  <Folder Name="/Элементы решения/">
    <File Path="docker-compose.yml" />
  </Folder>
  <Project Path="KafkaSqlBridge.Core/KafkaSqlBridge.Core.csproj" />
  <Project Path="KafkaSqlBridge.Service/KafkaSqlBridge.Service.csproj" />
  <Project Path="TestProducer/TestProducer.csproj" />
</Solution>
